
Microsoft Visual Studio Solution File, Format Version 10.00
# Visual Studio 2008
Project("{8BC9CEB8-8B4A-11D0-8D11-00A0C91BC942}") = "time2", "time2.vcproj", "{889205A7-A045-41AB-8219-2BF6611E5B19}"
EndProject
Global
	GlobalSection(SolutionConfigurationPlatforms) = preSolution
		Debug|Win32 = Debug|Win32
		Release|Win32 = Release|Win32
	EndGlobalSection
	GlobalSection(ProjectConfigurationPlatforms) = postSolution
		{889205A7-A045-41AB-8219-2BF6611E5B19}.Debug|Win32.ActiveCfg = Debug|Win32
		{889205A7-A045-41AB-8219-2BF6611E5B19}.Debug|Win32.Build.0 = Debug|Win32
		{889205A7-A045-41AB-8219-2BF6611E5B19}.Release|Win32.ActiveCfg = Release|Win32
		{889205A7-A045-41AB-8219-2BF6611E5B19}.Release|Win32.Build.0 = Release|Win32
	EndGlobalSection
	GlobalSection(SolutionProperties) = preSolution
		HideSolutionNode = FALSE
	EndGlobalSection
EndGlobal
